// !$*UTF8*$!
{
	archiveVersion = 1;
	classes = {
	};
	objectVersion = 51;
	objects = {

/* Begin PBXBuildFile section */
		3B5C455B3BC8B4D87B42E5E4 /* Pods_sovetromanica.framework in Frameworks */ = {isa = PBXBuildFile; fileRef = A1FE09329A017C8FC15172CC /* Pods_sovetromanica.framework */; };
		ED65661323F48FE700470F75 /* AppDelegate.swift in Sources */ = {isa = PBXBuildFile; fileRef = ED65661223F48FE700470F75 /* AppDelegate.swift */; };
		ED65661523F48FE700470F75 /* SceneDelegate.swift in Sources */ = {isa = PBXBuildFile; fileRef = ED65661423F48FE700470F75 /* SceneDelegate.swift */; };
		ED65661A23F48FE700470F75 /* Main.storyboard in Resources */ = {isa = PBXBuildFile; fileRef = ED65661823F48FE700470F75 /* Main.storyboard */; };
		ED65661D23F48FE700470F75 /* sovetromanica.xcdatamodeld in Sources */ = {isa = PBXBuildFile; fileRef = ED65661B23F48FE700470F75 /* sovetromanica.xcdatamodeld */; };
		ED65661F23F48FEC00470F75 /* Assets.xcassets in Resources */ = {isa = PBXBuildFile; fileRef = ED65661E23F48FEC00470F75 /* Assets.xcassets */; };
		ED65662223F48FEC00470F75 /* LaunchScreen.storyboard in Resources */ = {isa = PBXBuildFile; fileRef = ED65662023F48FEC00470F75 /* LaunchScreen.storyboard */; };
		ED65662A23F493B500470F75 /* FavoriteTableViewController.swift in Sources */ = {isa = PBXBuildFile; fileRef = ED65662923F493B500470F75 /* FavoriteTableViewController.swift */; };
		ED65662C23F4947900470F75 /* FavoriteTableViewCell.swift in Sources */ = {isa = PBXBuildFile; fileRef = ED65662B23F4947900470F75 /* FavoriteTableViewCell.swift */; };
		ED968E242411ACE700C5C95A /* PreferredAnimeViewController.swift in Sources */ = {isa = PBXBuildFile; fileRef = ED968E232411ACE700C5C95A /* PreferredAnimeViewController.swift */; };
		ED968E262411ADD100C5C95A /* AnimeSeriesCollectionViewCell.swift in Sources */ = {isa = PBXBuildFile; fileRef = ED968E252411ADD100C5C95A /* AnimeSeriesCollectionViewCell.swift */; };
		ED968E292411C6B600C5C95A /* AnimeSeriesModel.swift in Sources */ = {isa = PBXBuildFile; fileRef = ED968E282411C6B600C5C95A /* AnimeSeriesModel.swift */; };
		EDA40CC92416D5DF0007D023 /* FavariteStruct.swift in Sources */ = {isa = PBXBuildFile; fileRef = EDA40CC82416D5DF0007D023 /* FavariteStruct.swift */; };
		EDD4D02B23F88C1A00DC13A2 /* SearchTableViewController.swift in Sources */ = {isa = PBXBuildFile; fileRef = EDD4D02A23F88C1A00DC13A2 /* SearchTableViewController.swift */; };
		EDD4D02D23F88C4900DC13A2 /* SearchTableViewCell.swift in Sources */ = {isa = PBXBuildFile; fileRef = EDD4D02C23F88C4900DC13A2 /* SearchTableViewCell.swift */; };
		EDD4D03023F8A69900DC13A2 /* SearchAnimeModel.swift in Sources */ = {isa = PBXBuildFile; fileRef = EDD4D02F23F8A69900DC13A2 /* SearchAnimeModel.swift */; };
/* End PBXBuildFile section */

/* Begin PBXFileReference section */
		4E05F3A424E46CA87F91C611 /* Pods-sovetromanica.release.xcconfig */ = {isa = PBXFileReference; includeInIndex = 1; lastKnownFileType = text.xcconfig; name = "Pods-sovetromanica.release.xcconfig"; path = "Target Support Files/Pods-sovetromanica/Pods-sovetromanica.release.xcconfig"; sourceTree = "<group>"; };
		5FA9D73568973B7FDAB2202D /* Pods-sovetromanica.debug.xcconfig */ = {isa = PBXFileReference; includeInIndex = 1; lastKnownFileType = text.xcconfig; name = "Pods-sovetromanica.debug.xcconfig"; path = "Target Support Files/Pods-sovetromanica/Pods-sovetromanica.debug.xcconfig"; sourceTree = "<group>"; };
		A1FE09329A017C8FC15172CC /* Pods_sovetromanica.framework */ = {isa = PBXFileReference; explicitFileType = wrapper.framework; includeInIndex = 0; path = Pods_sovetromanica.framework; sourceTree = BUILT_PRODUCTS_DIR; };
		ED65660F23F48FE700470F75 /* sovetromantica.app */ = {isa = PBXFileReference; explicitFileType = wrapper.application; includeInIndex = 0; path = sovetromantica.app; sourceTree = BUILT_PRODUCTS_DIR; };
		ED65661223F48FE700470F75 /* AppDelegate.swift */ = {isa = PBXFileReference; lastKnownFileType = sourcecode.swift; path = AppDelegate.swift; sourceTree = "<group>"; };
		ED65661423F48FE700470F75 /* SceneDelegate.swift */ = {isa = PBXFileReference; lastKnownFileType = sourcecode.swift; path = SceneDelegate.swift; sourceTree = "<group>"; };
		ED65661923F48FE700470F75 /* Base */ = {isa = PBXFileReference; lastKnownFileType = file.storyboard; name = Base; path = Base.lproj/Main.storyboard; sourceTree = "<group>"; };
		ED65661C23F48FE700470F75 /* sovetromanica.xcdatamodel */ = {isa = PBXFileReference; lastKnownFileType = wrapper.xcdatamodel; path = sovetromanica.xcdatamodel; sourceTree = "<group>"; };
		ED65661E23F48FEC00470F75 /* Assets.xcassets */ = {isa = PBXFileReference; lastKnownFileType = folder.assetcatalog; path = Assets.xcassets; sourceTree = "<group>"; };
		ED65662123F48FEC00470F75 /* Base */ = {isa = PBXFileReference; lastKnownFileType = file.storyboard; name = Base; path = Base.lproj/LaunchScreen.storyboard; sourceTree = "<group>"; };
		ED65662323F48FEC00470F75 /* Info.plist */ = {isa = PBXFileReference; lastKnownFileType = text.plist.xml; path = Info.plist; sourceTree = "<group>"; };
		ED65662923F493B500470F75 /* FavoriteTableViewController.swift */ = {isa = PBXFileReference; lastKnownFileType = sourcecode.swift; path = FavoriteTableViewController.swift; sourceTree = "<group>"; };
		ED65662B23F4947900470F75 /* FavoriteTableViewCell.swift */ = {isa = PBXFileReference; lastKnownFileType = sourcecode.swift; path = FavoriteTableViewCell.swift; sourceTree = "<group>"; };
		ED968E232411ACE700C5C95A /* PreferredAnimeViewController.swift */ = {isa = PBXFileReference; lastKnownFileType = sourcecode.swift; path = PreferredAnimeViewController.swift; sourceTree = "<group>"; };
		ED968E252411ADD100C5C95A /* AnimeSeriesCollectionViewCell.swift */ = {isa = PBXFileReference; lastKnownFileType = sourcecode.swift; path = AnimeSeriesCollectionViewCell.swift; sourceTree = "<group>"; };
		ED968E282411C6B600C5C95A /* AnimeSeriesModel.swift */ = {isa = PBXFileReference; lastKnownFileType = sourcecode.swift; path = AnimeSeriesModel.swift; sourceTree = "<group>"; };
		EDA40CC82416D5DF0007D023 /* FavariteStruct.swift */ = {isa = PBXFileReference; lastKnownFileType = sourcecode.swift; path = FavariteStruct.swift; sourceTree = "<group>"; };
		EDD4D02A23F88C1A00DC13A2 /* SearchTableViewController.swift */ = {isa = PBXFileReference; lastKnownFileType = sourcecode.swift; path = SearchTableViewController.swift; sourceTree = "<group>"; };
		EDD4D02C23F88C4900DC13A2 /* SearchTableViewCell.swift */ = {isa = PBXFileReference; lastKnownFileType = sourcecode.swift; path = SearchTableViewCell.swift; sourceTree = "<group>"; };
		EDD4D02F23F8A69900DC13A2 /* SearchAnimeModel.swift */ = {isa = PBXFileReference; lastKnownFileType = sourcecode.swift; path = SearchAnimeModel.swift; sourceTree = "<group>"; };
/* End PBXFileReference section */

/* Begin PBXFrameworksBuildPhase section */
		ED65660C23F48FE700470F75 /* Frameworks */ = {
			isa = PBXFrameworksBuildPhase;
			buildActionMask = 2147483647;
			files = (
				3B5C455B3BC8B4D87B42E5E4 /* Pods_sovetromanica.framework in Frameworks */,
			);
			runOnlyForDeploymentPostprocessing = 0;
		};
/* End PBXFrameworksBuildPhase section */

/* Begin PBXGroup section */
		46DD5B547B6816EB55B3CF15 /* Frameworks */ = {
			isa = PBXGroup;
			children = (
				A1FE09329A017C8FC15172CC /* Pods_sovetromanica.framework */,
			);
			name = Frameworks;
			sourceTree = "<group>";
		};
		6CEC6FA2A47669E5A70DE8DB /* Pods */ = {
			isa = PBXGroup;
			children = (
				5FA9D73568973B7FDAB2202D /* Pods-sovetromanica.debug.xcconfig */,
				4E05F3A424E46CA87F91C611 /* Pods-sovetromanica.release.xcconfig */,
			);
			path = Pods;
			sourceTree = "<group>";
		};
		ED65660623F48FE700470F75 = {
			isa = PBXGroup;
			children = (
				ED65661123F48FE700470F75 /* sovetromanica */,
				ED65661023F48FE700470F75 /* Products */,
				6CEC6FA2A47669E5A70DE8DB /* Pods */,
				46DD5B547B6816EB55B3CF15 /* Frameworks */,
			);
			sourceTree = "<group>";
		};
		ED65661023F48FE700470F75 /* Products */ = {
			isa = PBXGroup;
			children = (
				ED65660F23F48FE700470F75 /* sovetromantica.app */,
			);
			name = Products;
			sourceTree = "<group>";
		};
		ED65661123F48FE700470F75 /* sovetromanica */ = {
			isa = PBXGroup;
			children = (
				ED65661223F48FE700470F75 /* AppDelegate.swift */,
				ED65661423F48FE700470F75 /* SceneDelegate.swift */,
				EDD4D02923F88BCD00DC13A2 /* SearchTable */,
				EDD4D02823F88B9D00DC13A2 /* FavoriteTable */,
				ED968E272411C5EB00C5C95A /* PreferredAnime */,
				ED65661823F48FE700470F75 /* Main.storyboard */,
				ED65661E23F48FEC00470F75 /* Assets.xcassets */,
				ED65662023F48FEC00470F75 /* LaunchScreen.storyboard */,
				ED65662323F48FEC00470F75 /* Info.plist */,
				ED65661B23F48FE700470F75 /* sovetromanica.xcdatamodeld */,
			);
			path = sovetromanica;
			sourceTree = "<group>";
		};
		ED968E272411C5EB00C5C95A /* PreferredAnime */ = {
			isa = PBXGroup;
			children = (
				ED968E232411ACE700C5C95A /* PreferredAnimeViewController.swift */,
				ED968E252411ADD100C5C95A /* AnimeSeriesCollectionViewCell.swift */,
				ED968E282411C6B600C5C95A /* AnimeSeriesModel.swift */,
			);
			path = PreferredAnime;
			sourceTree = "<group>";
		};
		EDD4D02823F88B9D00DC13A2 /* FavoriteTable */ = {
			isa = PBXGroup;
			children = (
				ED65662923F493B500470F75 /* FavoriteTableViewController.swift */,
				ED65662B23F4947900470F75 /* FavoriteTableViewCell.swift */,
				EDA40CC82416D5DF0007D023 /* FavariteStruct.swift */,
			);
			path = FavoriteTable;
			sourceTree = "<group>";
		};
		EDD4D02923F88BCD00DC13A2 /* SearchTable */ = {
			isa = PBXGroup;
			children = (
				EDD4D02F23F8A69900DC13A2 /* SearchAnimeModel.swift */,
				EDD4D02A23F88C1A00DC13A2 /* SearchTableViewController.swift */,
				EDD4D02C23F88C4900DC13A2 /* SearchTableViewCell.swift */,
			);
			path = SearchTable;
			sourceTree = "<group>";
		};
/* End PBXGroup section */

/* Begin PBXNativeTarget section */
		ED65660E23F48FE700470F75 /* sovetromanica */ = {
			isa = PBXNativeTarget;
			buildConfigurationList = ED65662623F48FEC00470F75 /* Build configuration list for PBXNativeTarget "sovetromanica" */;
			buildPhases = (
				7A0E80832647C59F7A4450E5 /* [CP] Check Pods Manifest.lock */,
				ED65660B23F48FE700470F75 /* Sources */,
				ED65660C23F48FE700470F75 /* Frameworks */,
				ED65660D23F48FE700470F75 /* Resources */,
				1FDE45A022016135CD7FAD60 /* [CP] Embed Pods Frameworks */,
			);
			buildRules = (
			);
			dependencies = (
			);
			name = sovetromanica;
			productName = sovetromanica;
			productReference = ED65660F23F48FE700470F75 /* sovetromantica.app */;
			productType = "com.apple.product-type.application";
		};
/* End PBXNativeTarget section */

/* Begin PBXProject section */
		ED65660723F48FE700470F75 /* Project object */ = {
			isa = PBXProject;
			attributes = {
				LastSwiftUpdateCheck = 1130;
				LastUpgradeCheck = 1130;
				ORGANIZATIONNAME = "Кирилл Любарских";
				TargetAttributes = {
					ED65660E23F48FE700470F75 = {
						CreatedOnToolsVersion = 11.3.1;
					};
				};
			};
			buildConfigurationList = ED65660A23F48FE700470F75 /* Build configuration list for PBXProject "sovetromanica" */;
			compatibilityVersion = "Xcode 9.3";
			developmentRegion = en;
			hasScannedForEncodings = 0;
			knownRegions = (
				en,
				Base,
			);
			mainGroup = ED65660623F48FE700470F75;
			productRefGroup = ED65661023F48FE700470F75 /* Products */;
			projectDirPath = "";
			projectRoot = "";
			targets = (
				ED65660E23F48FE700470F75 /* sovetromanica */,
			);
		};
/* End PBXProject section */

/* Begin PBXResourcesBuildPhase section */
		ED65660D23F48FE700470F75 /* Resources */ = {
			isa = PBXResourcesBuildPhase;
			buildActionMask = 2147483647;
			files = (
				ED65662223F48FEC00470F75 /* LaunchScreen.storyboard in Resources */,
				ED65661F23F48FEC00470F75 /* Assets.xcassets in Resources */,
				ED65661A23F48FE700470F75 /* Main.storyboard in Resources */,
			);
			runOnlyForDeploymentPostprocessing = 0;
		};
/* End PBXResourcesBuildPhase section */

/* Begin PBXShellScriptBuildPhase section */
		1FDE45A022016135CD7FAD60 /* [CP] Embed Pods Frameworks */ = {
			isa = PBXShellScriptBuildPhase;
			buildActionMask = 2147483647;
			files = (
			);
			inputFileListPaths = (
				"${PODS_ROOT}/Target Support Files/Pods-sovetromanica/Pods-sovetromanica-frameworks-${CONFIGURATION}-input-files.xcfilelist",
			);
			name = "[CP] Embed Pods Frameworks";
			outputFileListPaths = (
				"${PODS_ROOT}/Target Support Files/Pods-sovetromanica/Pods-sovetromanica-frameworks-${CONFIGURATION}-output-files.xcfilelist",
			);
			runOnlyForDeploymentPostprocessing = 0;
			shellPath = /bin/sh;
			shellScript = "\"${PODS_ROOT}/Target Support Files/Pods-sovetromanica/Pods-sovetromanica-frameworks.sh\"\n";
			showEnvVarsInLog = 0;
		};
		7A0E80832647C59F7A4450E5 /* [CP] Check Pods Manifest.lock */ = {
			isa = PBXShellScriptBuildPhase;
			buildActionMask = 2147483647;
			files = (
			);
			inputFileListPaths = (
			);
			inputPaths = (
				"${PODS_PODFILE_DIR_PATH}/Podfile.lock",
				"${PODS_ROOT}/Manifest.lock",
			);
			name = "[CP] Check Pods Manifest.lock";
			outputFileListPaths = (
			);
			outputPaths = (
				"$(DERIVED_FILE_DIR)/Pods-sovetromanica-checkManifestLockResult.txt",
			);
			runOnlyForDeploymentPostprocessing = 0;
			shellPath = /bin/sh;
			shellScript = "diff \"${PODS_PODFILE_DIR_PATH}/Podfile.lock\" \"${PODS_ROOT}/Manifest.lock\" > /dev/null\nif [ $? != 0 ] ; then\n    # print error to STDERR\n    echo \"error: The sandbox is not in sync with the Podfile.lock. Run 'pod install' or update your CocoaPods installation.\" >&2\n    exit 1\nfi\n# This output is used by Xcode 'outputs' to avoid re-running this script phase.\necho \"SUCCESS\" > \"${SCRIPT_OUTPUT_FILE_0}\"\n";
			showEnvVarsInLog = 0;
		};
/* End PBXShellScriptBuildPhase section */

/* Begin PBXSourcesBuildPhase section */
		ED65660B23F48FE700470F75 /* Sources */ = {
			isa = PBXSourcesBuildPhase;
			buildActionMask = 2147483647;
			files = (
				ED968E262411ADD100C5C95A /* AnimeSeriesCollectionViewCell.swift in Sources */,
				ED65661D23F48FE700470F75 /* sovetromanica.xcdatamodeld in Sources */,
				EDD4D02B23F88C1A00DC13A2 /* SearchTableViewController.swift in Sources */,
				EDD4D03023F8A69900DC13A2 /* SearchAnimeModel.swift in Sources */,
				ED65662A23F493B500470F75 /* FavoriteTableViewController.swift in Sources */,
				ED65661323F48FE700470F75 /* AppDelegate.swift in Sources */,
				ED968E242411ACE700C5C95A /* PreferredAnimeViewController.swift in Sources */,
				ED968E292411C6B600C5C95A /* AnimeSeriesModel.swift in Sources */,
				ED65661523F48FE700470F75 /* SceneDelegate.swift in Sources */,
				ED65662C23F4947900470F75 /* FavoriteTableViewCell.swift in Sources */,
				EDA40CC92416D5DF0007D023 /* FavariteStruct.swift in Sources */,
				EDD4D02D23F88C4900DC13A2 /* SearchTableViewCell.swift in Sources */,
			);
			runOnlyForDeploymentPostprocessing = 0;
		};
/* End PBXSourcesBuildPhase section */

/* Begin PBXVariantGroup section */
		ED65661823F48FE700470F75 /* Main.storyboard */ = {
			isa = PBXVariantGroup;
			children = (
				ED65661923F48FE700470F75 /* Base */,
			);
			name = Main.storyboard;
			sourceTree = "<group>";
		};
		ED65662023F48FEC00470F75 /* LaunchScreen.storyboard */ = {
			isa = PBXVariantGroup;
			children = (
				ED65662123F48FEC00470F75 /* Base */,
			);
			name = LaunchScreen.storyboard;
			sourceTree = "<group>";
		};
/* End PBXVariantGroup section */

/* Begin XCBuildConfiguration section */
		ED65662423F48FEC00470F75 /* Debug */ = {
			isa = XCBuildConfiguration;
			buildSettings = {
				ALWAYS_SEARCH_USER_PATHS = NO;
				CLANG_ANALYZER_NONNULL = YES;
				CLANG_ANALYZER_NUMBER_OBJECT_CONVERSION = YES_AGGRESSIVE;
				CLANG_CXX_LANGUAGE_STANDARD = "gnu++14";
				CLANG_CXX_LIBRARY = "libc++";
				CLANG_ENABLE_MODULES = YES;
				CLANG_ENABLE_OBJC_ARC = YES;
				CLANG_ENABLE_OBJC_WEAK = YES;
				CLANG_WARN_BLOCK_CAPTURE_AUTORELEASING = YES;
				CLANG_WARN_BOOL_CONVERSION = YES;
				CLANG_WARN_COMMA = YES;
				CLANG_WARN_CONSTANT_CONVERSION = YES;
				CLANG_WARN_DEPRECATED_OBJC_IMPLEMENTATIONS = YES;
				CLANG_WARN_DIRECT_OBJC_ISA_USAGE = YES_ERROR;
				CLANG_WARN_DOCUMENTATION_COMMENTS = YES;
				CLANG_WARN_EMPTY_BODY = YES;
				CLANG_WARN_ENUM_CONVERSION = YES;
				CLANG_WARN_INFINITE_RECURSION = YES;
				CLANG_WARN_INT_CONVERSION = YES;
				CLANG_WARN_NON_LITERAL_NULL_CONVERSION = YES;
				CLANG_WARN_OBJC_IMPLICIT_RETAIN_SELF = YES;
				CLANG_WARN_OBJC_LITERAL_CONVERSION = YES;
				CLANG_WARN_OBJC_ROOT_CLASS = YES_ERROR;
				CLANG_WARN_RANGE_LOOP_ANALYSIS = YES;
				CLANG_WARN_STRICT_PROTOTYPES = YES;
				CLANG_WARN_SUSPICIOUS_MOVE = YES;
				CLANG_WARN_UNGUARDED_AVAILABILITY = YES_AGGRESSIVE;
				CLANG_WARN_UNREACHABLE_CODE = YES;
				CLANG_WARN__DUPLICATE_METHOD_MATCH = YES;
				COPY_PHASE_STRIP = NO;
				DEBUG_INFORMATION_FORMAT = dwarf;
				ENABLE_STRICT_OBJC_MSGSEND = YES;
				ENABLE_TESTABILITY = YES;
				GCC_C_LANGUAGE_STANDARD = gnu11;
				GCC_DYNAMIC_NO_PIC = NO;
				GCC_NO_COMMON_BLOCKS = YES;
				GCC_OPTIMIZATION_LEVEL = 0;
				GCC_PREPROCESSOR_DEFINITIONS = (
					"DEBUG=1",
					"$(inherited)",
				);
				GCC_WARN_64_TO_32_BIT_CONVERSION = YES;
				GCC_WARN_ABOUT_RETURN_TYPE = YES_ERROR;
				GCC_WARN_UNDECLARED_SELECTOR = YES;
				GCC_WARN_UNINITIALIZED_AUTOS = YES_AGGRESSIVE;
				GCC_WARN_UNUSED_FUNCTION = YES;
				GCC_WARN_UNUSED_VARIABLE = YES;
				IPHONEOS_DEPLOYMENT_TARGET = 13.2;
				MTL_ENABLE_DEBUG_INFO = INCLUDE_SOURCE;
				MTL_FAST_MATH = YES;
				ONLY_ACTIVE_ARCH = YES;
				SDKROOT = iphoneos;
				SWIFT_ACTIVE_COMPILATION_CONDITIONS = DEBUG;
				SWIFT_OPTIMIZATION_LEVEL = "-Onone";
			};
			name = Debug;
		};
		ED65662523F48FEC00470F75 /* Release */ = {
			isa = XCBuildConfiguration;
			buildSettings = {
				ALWAYS_SEARCH_USER_PATHS = NO;
				CLANG_ANALYZER_NONNULL = YES;
				CLANG_ANALYZER_NUMBER_OBJECT_CONVERSION = YES_AGGRESSIVE;
				CLANG_CXX_LANGUAGE_STANDARD = "gnu++14";
				CLANG_CXX_LIBRARY = "libc++";
				CLANG_ENABLE_MODULES = YES;
				CLANG_ENABLE_OBJC_ARC = YES;
				CLANG_ENABLE_OBJC_WEAK = YES;
				CLANG_WARN_BLOCK_CAPTURE_AUTORELEASING = YES;
				CLANG_WARN_BOOL_CONVERSION = YES;
				CLANG_WARN_COMMA = YES;
				CLANG_WARN_CONSTANT_CONVERSION = YES;
				CLANG_WARN_DEPRECATED_OBJC_IMPLEMENTATIONS = YES;
				CLANG_WARN_DIRECT_OBJC_ISA_USAGE = YES_ERROR;
				CLANG_WARN_DOCUMENTATION_COMMENTS = YES;
				CLANG_WARN_EMPTY_BODY = YES;
				CLANG_WARN_ENUM_CONVERSION = YES;
				CLANG_WARN_INFINITE_RECURSION = YES;
				CLANG_WARN_INT_CONVERSION = YES;
				CLANG_WARN_NON_LITERAL_NULL_CONVERSION = YES;
				CLANG_WARN_OBJC_IMPLICIT_RETAIN_SELF = YES;
				CLANG_WARN_OBJC_LITERAL_CONVERSION = YES;
				CLANG_WARN_OBJC_ROOT_CLASS = YES_ERROR;
				CLANG_WARN_RANGE_LOOP_ANALYSIS = YES;
				CLANG_WARN_STRICT_PROTOTYPES = YES;
				CLANG_WARN_SUSPICIOUS_MOVE = YES;
				CLANG_WARN_UNGUARDED_AVAILABILITY = YES_AGGRESSIVE;
				CLANG_WARN_UNREACHABLE_CODE = YES;
				CLANG_WARN__DUPLICATE_METHOD_MATCH = YES;
				COPY_PHASE_STRIP = NO;
				DEBUG_INFORMATION_FORMAT = "dwarf-with-dsym";
				ENABLE_NS_ASSERTIONS = NO;
				ENABLE_STRICT_OBJC_MSGSEND = YES;
				GCC_C_LANGUAGE_STANDARD = gnu11;
				GCC_NO_COMMON_BLOCKS = YES;
				GCC_WARN_64_TO_32_BIT_CONVERSION = YES;
				GCC_WARN_ABOUT_RETURN_TYPE = YES_ERROR;
				GCC_WARN_UNDECLARED_SELECTOR = YES;
				GCC_WARN_UNINITIALIZED_AUTOS = YES_AGGRESSIVE;
				GCC_WARN_UNUSED_FUNCTION = YES;
				GCC_WARN_UNUSED_VARIABLE = YES;
				IPHONEOS_DEPLOYMENT_TARGET = 13.2;
				MTL_ENABLE_DEBUG_INFO = NO;
				MTL_FAST_MATH = YES;
				SDKROOT = iphoneos;
				SWIFT_COMPILATION_MODE = wholemodule;
				SWIFT_OPTIMIZATION_LEVEL = "-O";
				VALIDATE_PRODUCT = YES;
			};
			name = Release;
		};
		ED65662723F48FEC00470F75 /* Debug */ = {
			isa = XCBuildConfiguration;
			baseConfigurationReference = 5FA9D73568973B7FDAB2202D /* Pods-sovetromanica.debug.xcconfig */;
			buildSettings = {
				ASSETCATALOG_COMPILER_APPICON_NAME = AppIcon;
				CODE_SIGN_STYLE = Automatic;
				CURRENT_PROJECT_VERSION = 1;
				DEVELOPMENT_TEAM = 395GS436QF;
				INFOPLIST_FILE = sovetromanica/Info.plist;
				IPHONEOS_DEPLOYMENT_TARGET = 13.4;
				LD_RUNPATH_SEARCH_PATHS = (
					"$(inherited)",
					"@executable_path/Frameworks",
				);
				PRODUCT_BUNDLE_IDENTIFIER = ru.kirill98.sovetromanica;
				PRODUCT_NAME = sovetromantica;
				SWIFT_VERSION = 5.0;
				TARGETED_DEVICE_FAMILY = 1;
			};
			name = Debug;
		};
		ED65662823F48FEC00470F75 /* Release */ = {
			isa = XCBuildConfiguration;
			baseConfigurationReference = 4E05F3A424E46CA87F91C611 /* Pods-sovetromanica.release.xcconfig */;
			buildSettings = {
				ASSETCATALOG_COMPILER_APPICON_NAME = AppIcon;
				CODE_SIGN_STYLE = Automatic;
				CURRENT_PROJECT_VERSION = 1;
				DEVELOPMENT_TEAM = 395GS436QF;
				INFOPLIST_FILE = sovetromanica/Info.plist;
				IPHONEOS_DEPLOYMENT_TARGET = 13.4;
				LD_RUNPATH_SEARCH_PATHS = (
					"$(inherited)",
					"@executable_path/Frameworks",
				);
				PRODUCT_BUNDLE_IDENTIFIER = ru.kirill98.sovetromanica;
				PRODUCT_NAME = sovetromantica;
				SWIFT_VERSION = 5.0;
				TARGETED_DEVICE_FAMILY = 1;
			};
			name = Release;
		};
/* End XCBuildConfiguration section */

/* Begin XCConfigurationList section */
		ED65660A23F48FE700470F75 /* Build configuration list for PBXProject "sovetromanica" */ = {
			isa = XCConfigurationList;
			buildConfigurations = (
				ED65662423F48FEC00470F75 /* Debug */,
				ED65662523F48FEC00470F75 /* Release */,
			);
			defaultConfigurationIsVisible = 0;
			defaultConfigurationName = Release;
		};
		ED65662623F48FEC00470F75 /* Build configuration list for PBXNativeTarget "sovetromanica" */ = {
			isa = XCConfigurationList;
			buildConfigurations = (
				ED65662723F48FEC00470F75 /* Debug */,
				ED65662823F48FEC00470F75 /* Release */,
			);
			defaultConfigurationIsVisible = 0;
			defaultConfigurationName = Release;
		};
/* End XCConfigurationList section */

/* Begin XCVersionGroup section */
		ED65661B23F48FE700470F75 /* sovetromanica.xcdatamodeld */ = {
			isa = XCVersionGroup;
			children = (
				ED65661C23F48FE700470F75 /* sovetromanica.xcdatamodel */,
			);
			currentVersion = ED65661C23F48FE700470F75 /* sovetromanica.xcdatamodel */;
			path = sovetromanica.xcdatamodeld;
			sourceTree = "<group>";
			versionGroupType = wrapper.xcdatamodel;
		};
/* End XCVersionGroup section */
	};
	rootObject = ED65660723F48FE700470F75 /* Project object */;
}
